
Microsoft Visual Studio Solution File, Format Version 12.00
# Visual Studio Version 17
VisualStudioVersion = 17.6.33723.286
MinimumVisualStudioVersion = 10.0.40219.1
Project("{FAE04EC0-301F-11D3-BF4B-00C04F79EFBC}") = "OpenGL.Game", "OpenGL.Game\OpenGL.Game.csproj", "{F64AAB96-A31B-4963-BE2D-9F93BF9EA766}"
EndProject
Global
	GlobalSection(SolutionConfigurationPlatforms) = preSolution
		Debug|Any CPU = Debug|Any CPU
		Release|Any CPU = Release|Any CPU
	EndGlobalSection
	GlobalSection(ProjectConfigurationPlatforms) = postSolution
		{F64AAB96-A31B-4963-BE2D-9F93BF9EA766}.Debug|Any CPU.ActiveCfg = Debug|Any CPU
		{F64AAB96-A31B-4963-BE2D-9F93BF9EA766}.Debug|Any CPU.Build.0 = Debug|Any CPU
		{F64AAB96-A31B-4963-BE2D-9F93BF9EA766}.Release|Any CPU.ActiveCfg = Release|Any CPU
		{F64AAB96-A31B-4963-BE2D-9F93BF9EA766}.Release|Any CPU.Build.0 = Release|Any CPU
	EndGlobalSection
	GlobalSection(SolutionProperties) = preSolution
		HideSolutionNode = FALSE
	EndGlobalSection
	GlobalSection(ExtensibilityGlobals) = postSolution
		SolutionGuid = {C892AE86-8B66-4517-A0C5-A70009834CA4}
	EndGlobalSection
EndGlobal
